// !$*UTF8*$!
{
	archiveVersion = 1;
	classes = {
	};
	objectVersion = 46;
	objects = {

/* Begin PBXBuildFile section */
		04246A111F03FBBB00BCF07F /* AppDelegate.swift in Sources */ = {isa = PBXBuildFile; fileRef = 04246A101F03FBBB00BCF07F /* AppDelegate.swift */; };
		04246A131F03FBBB00BCF07F /* ViewController.swift in Sources */ = {isa = PBXBuildFile; fileRef = 04246A121F03FBBB00BCF07F /* ViewController.swift */; };
		04246A161F03FBBB00BCF07F /* Main.storyboard in Resources */ = {isa = PBXBuildFile; fileRef = 04246A141F03FBBB00BCF07F /* Main.storyboard */; };
		04246A181F03FBBB00BCF07F /* Assets.xcassets in Resources */ = {isa = PBXBuildFile; fileRef = 04246A171F03FBBB00BCF07F /* Assets.xcassets */; };
		04246A1B1F03FBBB00BCF07F /* LaunchScreen.storyboard in Resources */ = {isa = PBXBuildFile; fileRef = 04246A191F03FBBB00BCF07F /* LaunchScreen.storyboard */; };
		1FA4D9C817872F5DE1B52D32 /* Pods_ChartsPractice.framework in Frameworks */ = {isa = PBXBuildFile; fileRef = D4CF34EE7BB192076A7D318B /* Pods_ChartsPractice.framework */; };
/* End PBXBuildFile section */

/* Begin PBXFileReference section */
		04246A0D1F03FBBB00BCF07F /* ChartsPractice.app */ = {isa = PBXFileReference; explicitFileType = wrapper.application; includeInIndex = 0; path = ChartsPractice.app; sourceTree = BUILT_PRODUCTS_DIR; };
		04246A101F03FBBB00BCF07F /* AppDelegate.swift */ = {isa = PBXFileReference; lastKnownFileType = sourcecode.swift; path = AppDelegate.swift; sourceTree = "<group>"; };
		04246A121F03FBBB00BCF07F /* ViewController.swift */ = {isa = PBXFileReference; lastKnownFileType = sourcecode.swift; path = ViewController.swift; sourceTree = "<group>"; };
		04246A151F03FBBB00BCF07F /* Base */ = {isa = PBXFileReference; lastKnownFileType = file.storyboard; name = Base; path = Base.lproj/Main.storyboard; sourceTree = "<group>"; };
		04246A171F03FBBB00BCF07F /* Assets.xcassets */ = {isa = PBXFileReference; lastKnownFileType = folder.assetcatalog; path = Assets.xcassets; sourceTree = "<group>"; };
		04246A1A1F03FBBB00BCF07F /* Base */ = {isa = PBXFileReference; lastKnownFileType = file.storyboard; name = Base; path = Base.lproj/LaunchScreen.storyboard; sourceTree = "<group>"; };
		04246A1C1F03FBBB00BCF07F /* Info.plist */ = {isa = PBXFileReference; lastKnownFileType = text.plist.xml; path = Info.plist; sourceTree = "<group>"; };
		1AE07F2D4060A66A19B5E922 /* Pods-ChartsPractice.debug.xcconfig */ = {isa = PBXFileReference; includeInIndex = 1; lastKnownFileType = text.xcconfig; name = "Pods-ChartsPractice.debug.xcconfig"; path = "Pods/Target Support Files/Pods-ChartsPractice/Pods-ChartsPractice.debug.xcconfig"; sourceTree = "<group>"; };
		3F96C4E0DAE27C81546868B5 /* Pods-ChartsPractice.release.xcconfig */ = {isa = PBXFileReference; includeInIndex = 1; lastKnownFileType = text.xcconfig; name = "Pods-ChartsPractice.release.xcconfig"; path = "Pods/Target Support Files/Pods-ChartsPractice/Pods-ChartsPractice.release.xcconfig"; sourceTree = "<group>"; };
		D4CF34EE7BB192076A7D318B /* Pods_ChartsPractice.framework */ = {isa = PBXFileReference; explicitFileType = wrapper.framework; includeInIndex = 0; path = Pods_ChartsPractice.framework; sourceTree = BUILT_PRODUCTS_DIR; };
/* End PBXFileReference section */

/* Begin PBXFrameworksBuildPhase section */
		04246A0A1F03FBBB00BCF07F /* Frameworks */ = {
			isa = PBXFrameworksBuildPhase;
			buildActionMask = 2147483647;
			files = (
				1FA4D9C817872F5DE1B52D32 /* Pods_ChartsPractice.framework in Frameworks */,
			);
			runOnlyForDeploymentPostprocessing = 0;
		};
/* End PBXFrameworksBuildPhase section */

/* Begin PBXGroup section */
		04246A041F03FBBB00BCF07F = {
			isa = PBXGroup;
			children = (
				04246A0F1F03FBBB00BCF07F /* ChartsPractice */,
				04246A0E1F03FBBB00BCF07F /* Products */,
				D908C23953FCD858948E3A0B /* Pods */,
				2C0CE047FCFED2CBD51F46FC /* Frameworks */,
			);
			sourceTree = "<group>";
		};
		04246A0E1F03FBBB00BCF07F /* Products */ = {
			isa = PBXGroup;
			children = (
				04246A0D1F03FBBB00BCF07F /* ChartsPractice.app */,
			);
			name = Products;
			sourceTree = "<group>";
		};
		04246A0F1F03FBBB00BCF07F /* ChartsPractice */ = {
			isa = PBXGroup;
			children = (
				04246A101F03FBBB00BCF07F /* AppDelegate.swift */,
				04246A121F03FBBB00BCF07F /* ViewController.swift */,
				04246A141F03FBBB00BCF07F /* Main.storyboard */,
				04246A171F03FBBB00BCF07F /* Assets.xcassets */,
				04246A191F03FBBB00BCF07F /* LaunchScreen.storyboard */,
				04246A1C1F03FBBB00BCF07F /* Info.plist */,
			);
			path = ChartsPractice;
			sourceTree = "<group>";
		};
		2C0CE047FCFED2CBD51F46FC /* Frameworks */ = {
			isa = PBXGroup;
			children = (
				D4CF34EE7BB192076A7D318B /* Pods_ChartsPractice.framework */,
			);
			name = Frameworks;
			sourceTree = "<group>";
		};
		D908C23953FCD858948E3A0B /* Pods */ = {
			isa = PBXGroup;
			children = (
				1AE07F2D4060A66A19B5E922 /* Pods-ChartsPractice.debug.xcconfig */,
				3F96C4E0DAE27C81546868B5 /* Pods-ChartsPractice.release.xcconfig */,
			);
			name = Pods;
			sourceTree = "<group>";
		};
/* End PBXGroup section */

/* Begin PBXNativeTarget section */
		04246A0C1F03FBBB00BCF07F /* ChartsPractice */ = {
			isa = PBXNativeTarget;
			buildConfigurationList = 04246A1F1F03FBBB00BCF07F /* Build configuration list for PBXNativeTarget "ChartsPractice" */;
			buildPhases = (
				42508D6CE4286F7630C2E601 /* [CP] Check Pods Manifest.lock */,
				04246A091F03FBBB00BCF07F /* Sources */,
				04246A0A1F03FBBB00BCF07F /* Frameworks */,
				04246A0B1F03FBBB00BCF07F /* Resources */,
				41C1C1025C3C9500F3AE2FF0 /* [CP] Embed Pods Frameworks */,
				15054D59D5400227D2DE5C31 /* [CP] Copy Pods Resources */,
			);
			buildRules = (
			);
			dependencies = (
			);
			name = ChartsPractice;
			productName = ChartsPractice;
			productReference = 04246A0D1F03FBBB00BCF07F /* ChartsPractice.app */;
			productType = "com.apple.product-type.application";
		};
/* End PBXNativeTarget section */

/* Begin PBXProject section */
		04246A051F03FBBB00BCF07F /* Project object */ = {
			isa = PBXProject;
			attributes = {
				LastSwiftUpdateCheck = 0830;
				LastUpgradeCheck = 0830;
				ORGANIZATIONNAME = Mac;
				TargetAttributes = {
					04246A0C1F03FBBB00BCF07F = {
						CreatedOnToolsVersion = 8.3.3;
						DevelopmentTeam = VJGEDW5SA9;
						ProvisioningStyle = Automatic;
					};
				};
			};
			buildConfigurationList = 04246A081F03FBBB00BCF07F /* Build configuration list for PBXProject "ChartsPractice" */;
			compatibilityVersion = "Xcode 3.2";
			developmentRegion = English;
			hasScannedForEncodings = 0;
			knownRegions = (
				en,
				Base,
			);
			mainGroup = 04246A041F03FBBB00BCF07F;
			productRefGroup = 04246A0E1F03FBBB00BCF07F /* Products */;
			projectDirPath = "";
			projectRoot = "";
			targets = (
				04246A0C1F03FBBB00BCF07F /* ChartsPractice */,
			);
		};
/* End PBXProject section */

/* Begin PBXResourcesBuildPhase section */
		04246A0B1F03FBBB00BCF07F /* Resources */ = {
			isa = PBXResourcesBuildPhase;
			buildActionMask = 2147483647;
			files = (
				04246A1B1F03FBBB00BCF07F /* LaunchScreen.storyboard in Resources */,
				04246A181F03FBBB00BCF07F /* Assets.xcassets in Resources */,
				04246A161F03FBBB00BCF07F /* Main.storyboard in Resources */,
			);
			runOnlyForDeploymentPostprocessing = 0;
		};
/* End PBXResourcesBuildPhase section */

/* Begin PBXShellScriptBuildPhase section */
		15054D59D5400227D2DE5C31 /* [CP] Copy Pods Resources */ = {
			isa = PBXShellScriptBuildPhase;
			buildActionMask = 2147483647;
			files = (
			);
			inputPaths = (
			);
			name = "[CP] Copy Pods Resources";
			outputPaths = (
			);
			runOnlyForDeploymentPostprocessing = 0;
			shellPath = /bin/sh;
			shellScript = "\"${SRCROOT}/Pods/Target Support Files/Pods-ChartsPractice/Pods-ChartsPractice-resources.sh\"\n";
			showEnvVarsInLog = 0;
		};
		41C1C1025C3C9500F3AE2FF0 /* [CP] Embed Pods Frameworks */ = {
			isa = PBXShellScriptBuildPhase;
			buildActionMask = 2147483647;
			files = (
			);
			inputPaths = (
			);
			name = "[CP] Embed Pods Frameworks";
			outputPaths = (
			);
			runOnlyForDeploymentPostprocessing = 0;
			shellPath = /bin/sh;
			shellScript = "\"${SRCROOT}/Pods/Target Support Files/Pods-ChartsPractice/Pods-ChartsPractice-frameworks.sh\"\n";
			showEnvVarsInLog = 0;
		};
		42508D6CE4286F7630C2E601 /* [CP] Check Pods Manifest.lock */ = {
			isa = PBXShellScriptBuildPhase;
			buildActionMask = 2147483647;
			files = (
			);
			inputPaths = (
			);
			name = "[CP] Check Pods Manifest.lock";
			outputPaths = (
			);
			runOnlyForDeploymentPostprocessing = 0;
			shellPath = /bin/sh;
			shellScript = "diff \"${PODS_ROOT}/../Podfile.lock\" \"${PODS_ROOT}/Manifest.lock\" > /dev/null\nif [ $? != 0 ] ; then\n    # print error to STDERR\n    echo \"error: The sandbox is not in sync with the Podfile.lock. Run 'pod install' or update your CocoaPods installation.\" >&2\n    exit 1\nfi\n";
			showEnvVarsInLog = 0;
		};
/* End PBXShellScriptBuildPhase section */

/* Begin PBXSourcesBuildPhase section */
		04246A091F03FBBB00BCF07F /* Sources */ = {
			isa = PBXSourcesBuildPhase;
			buildActionMask = 2147483647;
			files = (
				04246A131F03FBBB00BCF07F /* ViewController.swift in Sources */,
				04246A111F03FBBB00BCF07F /* AppDelegate.swift in Sources */,
			);
			runOnlyForDeploymentPostprocessing = 0;
		};
/* End PBXSourcesBuildPhase section */

/* Begin PBXVariantGroup section */
		04246A141F03FBBB00BCF07F /* Main.storyboard */ = {
			isa = PBXVariantGroup;
			children = (
				04246A151F03FBBB00BCF07F /* Base */,
			);
			name = Main.storyboard;
			sourceTree = "<group>";
		};
		04246A191F03FBBB00BCF07F /* LaunchScreen.storyboard */ = {
			isa = PBXVariantGroup;
			children = (
				04246A1A1F03FBBB00BCF07F /* Base */,
			);
			name = LaunchScreen.storyboard;
			sourceTree = "<group>";
		};
/* End PBXVariantGroup section */

/* Begin XCBuildConfiguration section */
		04246A1D1F03FBBB00BCF07F /* Debug */ = {
			isa = XCBuildConfiguration;
			buildSettings = {
				ALWAYS_SEARCH_USER_PATHS = NO;
				CLANG_ANALYZER_NONNULL = YES;
				CLANG_ANALYZER_NUMBER_OBJECT_CONVERSION = YES_AGGRESSIVE;
				CLANG_CXX_LANGUAGE_STANDARD = "gnu++0x";
				CLANG_CXX_LIBRARY = "libc++";
				CLANG_ENABLE_MODULES = YES;
				CLANG_ENABLE_OBJC_ARC = YES;
				CLANG_WARN_BOOL_CONVERSION = YES;
				CLANG_WARN_CONSTANT_CONVERSION = YES;
				CLANG_WARN_DIRECT_OBJC_ISA_USAGE = YES_ERROR;
				CLANG_WARN_DOCUMENTATION_COMMENTS = YES;
				CLANG_WARN_EMPTY_BODY = YES;
				CLANG_WARN_ENUM_CONVERSION = YES;
				CLANG_WARN_INFINITE_RECURSION = YES;
				CLANG_WARN_INT_CONVERSION = YES;
				CLANG_WARN_OBJC_ROOT_CLASS = YES_ERROR;
				CLANG_WARN_SUSPICIOUS_MOVE = YES;
				CLANG_WARN_UNREACHABLE_CODE = YES;
				CLANG_WARN__DUPLICATE_METHOD_MATCH = YES;
				"CODE_SIGN_IDENTITY[sdk=iphoneos*]" = "iPhone Developer";
				COPY_PHASE_STRIP = NO;
				DEBUG_INFORMATION_FORMAT = dwarf;
				ENABLE_STRICT_OBJC_MSGSEND = YES;
				ENABLE_TESTABILITY = YES;
				GCC_C_LANGUAGE_STANDARD = gnu99;
				GCC_DYNAMIC_NO_PIC = NO;
				GCC_NO_COMMON_BLOCKS = YES;
				GCC_OPTIMIZATION_LEVEL = 0;
				GCC_PREPROCESSOR_DEFINITIONS = (
					"DEBUG=1",
					"$(inherited)",
				);
				GCC_WARN_64_TO_32_BIT_CONVERSION = YES;
				GCC_WARN_ABOUT_RETURN_TYPE = YES_ERROR;
				GCC_WARN_UNDECLARED_SELECTOR = YES;
				GCC_WARN_UNINITIALIZED_AUTOS = YES_AGGRESSIVE;
				GCC_WARN_UNUSED_FUNCTION = YES;
				GCC_WARN_UNUSED_VARIABLE = YES;
				IPHONEOS_DEPLOYMENT_TARGET = 10.3;
				MTL_ENABLE_DEBUG_INFO = YES;
				ONLY_ACTIVE_ARCH = YES;
				SDKROOT = iphoneos;
				SWIFT_ACTIVE_COMPILATION_CONDITIONS = DEBUG;
				SWIFT_OPTIMIZATION_LEVEL = "-Onone";
				TARGETED_DEVICE_FAMILY = "1,2";
			};
			name = Debug;
		};
		04246A1E1F03FBBB00BCF07F /* Release */ = {
			isa = XCBuildConfiguration;
			buildSettings = {
				ALWAYS_SEARCH_USER_PATHS = NO;
				CLANG_ANALYZER_NONNULL = YES;
				CLANG_ANALYZER_NUMBER_OBJECT_CONVERSION = YES_AGGRESSIVE;
				CLANG_CXX_LANGUAGE_STANDARD = "gnu++0x";
				CLANG_CXX_LIBRARY = "libc++";
				CLANG_ENABLE_MODULES = YES;
				CLANG_ENABLE_OBJC_ARC = YES;
				CLANG_WARN_BOOL_CONVERSION = YES;
				CLANG_WARN_CONSTANT_CONVERSION = YES;
				CLANG_WARN_DIRECT_OBJC_ISA_USAGE = YES_ERROR;
				CLANG_WARN_DOCUMENTATION_COMMENTS = YES;
				CLANG_WARN_EMPTY_BODY = YES;
				CLANG_WARN_ENUM_CONVERSION = YES;
				CLANG_WARN_INFINITE_RECURSION = YES;
				CLANG_WARN_INT_CONVERSION = YES;
				CLANG_WARN_OBJC_ROOT_CLASS = YES_ERROR;
				CLANG_WARN_SUSPICIOUS_MOVE = YES;
				CLANG_WARN_UNREACHABLE_CODE = YES;
				CLANG_WARN__DUPLICATE_METHOD_MATCH = YES;
				"CODE_SIGN_IDENTITY[sdk=iphoneos*]" = "iPhone Developer";
				COPY_PHASE_STRIP = NO;
				DEBUG_INFORMATION_FORMAT = "dwarf-with-dsym";
				ENABLE_NS_ASSERTIONS = NO;
				ENABLE_STRICT_OBJC_MSGSEND = YES;
				GCC_C_LANGUAGE_STANDARD = gnu99;
				GCC_NO_COMMON_BLOCKS = YES;
				GCC_WARN_64_TO_32_BIT_CONVERSION = YES;
				GCC_WARN_ABOUT_RETURN_TYPE = YES_ERROR;
				GCC_WARN_UNDECLARED_SELECTOR = YES;
				GCC_WARN_UNINITIALIZED_AUTOS = YES_AGGRESSIVE;
				GCC_WARN_UNUSED_FUNCTION = YES;
				GCC_WARN_UNUSED_VARIABLE = YES;
				IPHONEOS_DEPLOYMENT_TARGET = 10.3;
				MTL_ENABLE_DEBUG_INFO = NO;
				SDKROOT = iphoneos;
				SWIFT_OPTIMIZATION_LEVEL = "-Owholemodule";
				TARGETED_DEVICE_FAMILY = "1,2";
				VALIDATE_PRODUCT = YES;
			};
			name = Release;
		};
		04246A201F03FBBB00BCF07F /* Debug */ = {
			isa = XCBuildConfiguration;
			baseConfigurationReference = 1AE07F2D4060A66A19B5E922 /* Pods-ChartsPractice.debug.xcconfig */;
			buildSettings = {
				ASSETCATALOG_COMPILER_APPICON_NAME = AppIcon;
				DEVELOPMENT_TEAM = VJGEDW5SA9;
				INFOPLIST_FILE = ChartsPractice/Info.plist;
				LD_RUNPATH_SEARCH_PATHS = "$(inherited) @executable_path/Frameworks";
				PRODUCT_BUNDLE_IDENTIFIER = com.sunnylee945.ChartsPractice;
				PRODUCT_NAME = "$(TARGET_NAME)";
				SWIFT_VERSION = 3.0;
			};
			name = Debug;
		};
		04246A211F03FBBB00BCF07F /* Release */ = {
			isa = XCBuildConfiguration;
			baseConfigurationReference = 3F96C4E0DAE27C81546868B5 /* Pods-ChartsPractice.release.xcconfig */;
			buildSettings = {
				ASSETCATALOG_COMPILER_APPICON_NAME = AppIcon;
				DEVELOPMENT_TEAM = VJGEDW5SA9;
				INFOPLIST_FILE = ChartsPractice/Info.plist;
				LD_RUNPATH_SEARCH_PATHS = "$(inherited) @executable_path/Frameworks";
				PRODUCT_BUNDLE_IDENTIFIER = com.sunnylee945.ChartsPractice;
				PRODUCT_NAME = "$(TARGET_NAME)";
				SWIFT_VERSION = 3.0;
			};
			name = Release;
		};
/* End XCBuildConfiguration section */

/* Begin XCConfigurationList section */
		04246A081F03FBBB00BCF07F /* Build configuration list for PBXProject "ChartsPractice" */ = {
			isa = XCConfigurationList;
			buildConfigurations = (
				04246A1D1F03FBBB00BCF07F /* Debug */,
				04246A1E1F03FBBB00BCF07F /* Release */,
			);
			defaultConfigurationIsVisible = 0;
			defaultConfigurationName = Release;
		};
		04246A1F1F03FBBB00BCF07F /* Build configuration list for PBXNativeTarget "ChartsPractice" */ = {
			isa = XCConfigurationList;
			buildConfigurations = (
				04246A201F03FBBB00BCF07F /* Debug */,
				04246A211F03FBBB00BCF07F /* Release */,
			);
			defaultConfigurationIsVisible = 0;
		};
/* End XCConfigurationList section */
	};
	rootObject = 04246A051F03FBBB00BCF07F /* Project object */;
}
